
Microsoft Visual Studio Solution File, Format Version 12.00
# Visual Studio Version 17
VisualStudioVersion = 17.14.36301.6 d17.14
MinimumVisualStudioVersion = 10.0.40219.1
Project("{FAE04EC0-301F-11D3-BF4B-00C04F79EFBC}") = "BongoBossV1.1", "BongoBossV1.1\BongoBossV1.1.csproj", "{98969206-987F-4BF1-87A3-7BE727843EF6}"
EndProject
Global
	GlobalSection(SolutionConfigurationPlatforms) = preSolution
		Debug|Any CPU = Debug|Any CPU
		Release|Any CPU = Release|Any CPU
	EndGlobalSection
	GlobalSection(ProjectConfigurationPlatforms) = postSolution
		{98969206-987F-4BF1-87A3-7BE727843EF6}.Debug|Any CPU.ActiveCfg = Debug|Any CPU
		{98969206-987F-4BF1-87A3-7BE727843EF6}.Debug|Any CPU.Build.0 = Debug|Any CPU
		{98969206-987F-4BF1-87A3-7BE727843EF6}.Release|Any CPU.ActiveCfg = Release|Any CPU
		{98969206-987F-4BF1-87A3-7BE727843EF6}.Release|Any CPU.Build.0 = Release|Any CPU
	EndGlobalSection
	GlobalSection(SolutionProperties) = preSolution
		HideSolutionNode = FALSE
	EndGlobalSection
	GlobalSection(ExtensibilityGlobals) = postSolution
		SolutionGuid = {320444FB-C5AF-44B2-AAAA-5229829C6AB1}
	EndGlobalSection
EndGlobal
